Microsoft Visual Studio Solution File, Format Version 12.00
# Visual Studio Version 17
VisualStudioVersion = 17.5.2.0
MinimumVisualStudioVersion = 10.0.40219.1
Project("{FAE04EC0-301F-11D3-BF4B-00C04F79EFBC}") = "sampleSystem", "sampleSystem.csproj", "{3E9336E3-BC27-1E4A-0987-C803EDDDEF24}"
EndProject
Global
	GlobalSection(SolutionConfigurationPlatforms) = preSolution
		Debug|Any CPU = Debug|Any CPU
		Release|Any CPU = Release|Any CPU
	EndGlobalSection
	GlobalSection(ProjectConfigurationPlatforms) = postSolution
		{3E9336E3-BC27-1E4A-0987-C803EDDDEF24}.Debug|Any CPU.ActiveCfg = Debug|Any CPU
		{3E9336E3-BC27-1E4A-0987-C803EDDDEF24}.Debug|Any CPU.Build.0 = Debug|Any CPU
		{3E9336E3-BC27-1E4A-0987-C803EDDDEF24}.Release|Any CPU.ActiveCfg = Release|Any CPU
		{3E9336E3-BC27-1E4A-0987-C803EDDDEF24}.Release|Any CPU.Build.0 = Release|Any CPU
	EndGlobalSection
	GlobalSection(SolutionProperties) = preSolution
		HideSolutionNode = FALSE
	EndGlobalSection
	GlobalSection(ExtensibilityGlobals) = postSolution
		SolutionGuid = {B5E66138-B4EC-4F5C-AC6F-D5D2534D89FE}
	EndGlobalSection
EndGlobal
